
Microsoft Visual Studio Solution File, Format Version 12.00
# Visual Studio 2013
VisualStudioVersion = 12.0.40629.0
MinimumVisualStudioVersion = 10.0.40219.1
Project("{FAE04EC0-301F-11D3-BF4B-00C04F79EFBC}") = "Dddml.Wms.Common", "Dddml.Wms.Common\Dddml.Wms.Common.csproj", "{31471BCF-D6C3-4BAE-8EC5-2E9AC01EDD5C}"
EndProject
Project("{FAE04EC0-301F-11D3-BF4B-00C04F79EFBC}") = "Dddml.Wms.Services", "Dddml.Wms.Services\Dddml.Wms.Services.csproj", "{26BA5188-B72D-4ECE-9984-4F76A3EB74C3}"
EndProject
Project("{FAE04EC0-301F-11D3-BF4B-00C04F79EFBC}") = "Dddml.Wms.Services.Tests", "Dddml.Wms.Services.Tests\Dddml.Wms.Services.Tests.csproj", "{1469B2DA-9461-49E7-8230-F98DF6B4EC06}"
EndProject
Project("{FAE04EC0-301F-11D3-BF4B-00C04F79EFBC}") = "Dddml.Wms.HttpServices", "Dddml.Wms.HttpServices\Dddml.Wms.HttpServices.csproj", "{175EDE6A-70FB-4055-ACAE-77B741B4F166}"
EndProject
Project("{FAE04EC0-301F-11D3-BF4B-00C04F79EFBC}") = "Dddml.Wms.Metadata", "Dddml.Wms.Metadata\Dddml.Wms.Metadata.csproj", "{755FB4F8-BE74-4313-BBAD-8C907472C7AE}"
EndProject
Project("{FAE04EC0-301F-11D3-BF4B-00C04F79EFBC}") = "Dddml.Wms.HttpServices.ClientProxies", "Dddml.Wms.HttpServices.ClientProxies\Dddml.Wms.HttpServices.ClientProxies.csproj", "{AC8F158A-130C-42A0-92AE-04408D8F7328}"
EndProject
Project("{FAE04EC0-301F-11D3-BF4B-00C04F79EFBC}") = "Dddml.Wms.HttpServices.ClientProxies.Tests", "Dddml.Wms.HttpServices.ClientProxies.Tests\Dddml.Wms.HttpServices.ClientProxies.Tests.csproj", "{0D455A08-30BF-4A30-BE53-6856FADACC79}"
EndProject
Project("{FAE04EC0-301F-11D3-BF4B-00C04F79EFBC}") = "Dddml.Support.Criterion", "..\dddml-dotnet-tools\Dddml.Support.Criterion\Dddml.Support.Criterion.csproj", "{5C91ECAD-6C35-45AA-ACE7-E8F156922658}"
EndProject
Project("{FAE04EC0-301F-11D3-BF4B-00C04F79EFBC}") = "AuthorizationServer", "AuthorizationServer\AuthorizationServer.csproj", "{583C1001-7568-406E-9444-8CAD43DDA3EC}"
EndProject
Project("{FAE04EC0-301F-11D3-BF4B-00C04F79EFBC}") = "AuthorizationServer.Tests", "AuthorizationServer.Tests\AuthorizationServer.Tests.csproj", "{5EE9E787-A9D9-4DA7-8ED5-6CEE4AEE0836}"
EndProject
Project("{FAE04EC0-301F-11D3-BF4B-00C04F79EFBC}") = "Dddml.Wms.AspNet.Identity", "Dddml.Wms.AspNet.Identity\Dddml.Wms.AspNet.Identity.csproj", "{CEE62887-53FB-4291-8543-651C171D528A}"
EndProject
Project("{FAE04EC0-301F-11D3-BF4B-00C04F79EFBC}") = "Dddml.Support.NHibernate", "..\dddml-dotnet-tools\Dddml.Support.NHibernate\Dddml.Support.NHibernate.csproj", "{449E9FCD-F535-4D02-947F-22B0DA756187}"
EndProject
Project("{2150E333-8FDC-42A3-9474-1A3956D46DE8}") = ".nuget", ".nuget", "{8FB80624-8EF6-4D3B-9272-D8E44D8EEEE6}"
	ProjectSection(SolutionItems) = preProject
		.nuget\NuGet.Config = .nuget\NuGet.Config
		.nuget\NuGet.exe = .nuget\NuGet.exe
		.nuget\NuGet.targets = .nuget\NuGet.targets
	EndProjectSection
EndProject
Project("{FAE04EC0-301F-11D3-BF4B-00C04F79EFBC}") = "Dddml.Wms.HttpServices.Common", "Dddml.Wms.HttpServices.Common\Dddml.Wms.HttpServices.Common.csproj", "{CEF7BB89-917C-4A08-BACC-6B3ED6020944}"
EndProject
Project("{FAE04EC0-301F-11D3-BF4B-00C04F79EFBC}") = "Dddml.Wms.HttpServices.PhpClient", "Dddml.Wms.HttpServices.PhpClient\Dddml.Wms.HttpServices.PhpClient.csproj", "{5AC211A8-A4D7-4C55-B888-EE689CB7A18D}"
EndProject
Project("{FAE04EC0-301F-11D3-BF4B-00C04F79EFBC}") = "Dddml.Wms.HttpServices.JsonConverters", "Dddml.Wms.HttpServices.JsonConverters\Dddml.Wms.HttpServices.JsonConverters.csproj", "{E5E7C73A-5DE3-4BC6-9A92-BF7A6D24DDF5}"
EndProject
Project("{FAE04EC0-301F-11D3-BF4B-00C04F79EFBC}") = "Dddml.Wms.JavaCommon", "Dddml.Wms.JavaCommon\Dddml.Wms.JavaCommon.csproj", "{BD368EED-83C7-49B0-8116-797BD98741E0}"
EndProject
Project("{FAE04EC0-301F-11D3-BF4B-00C04F79EFBC}") = "Dddml.Wms.JavaServices", "Dddml.Wms.JavaServices\Dddml.Wms.JavaServices.csproj", "{3C010B48-6ECA-466F-9C5B-28A01C4B88AB}"
EndProject
Global
	GlobalSection(SolutionConfigurationPlatforms) = preSolution
		Debug|Any CPU = Debug|Any CPU
		Release|Any CPU = Release|Any CPU
	EndGlobalSection
	GlobalSection(ProjectConfigurationPlatforms) = postSolution
		{31471BCF-D6C3-4BAE-8EC5-2E9AC01EDD5C}.Debug|Any CPU.ActiveCfg = Debug|Any CPU
		{31471BCF-D6C3-4BAE-8EC5-2E9AC01EDD5C}.Debug|Any CPU.Build.0 = Debug|Any CPU
		{31471BCF-D6C3-4BAE-8EC5-2E9AC01EDD5C}.Release|Any CPU.ActiveCfg = Release|Any CPU
		{31471BCF-D6C3-4BAE-8EC5-2E9AC01EDD5C}.Release|Any CPU.Build.0 = Release|Any CPU
		{26BA5188-B72D-4ECE-9984-4F76A3EB74C3}.Debug|Any CPU.ActiveCfg = Debug|Any CPU
		{26BA5188-B72D-4ECE-9984-4F76A3EB74C3}.Debug|Any CPU.Build.0 = Debug|Any CPU
		{26BA5188-B72D-4ECE-9984-4F76A3EB74C3}.Release|Any CPU.ActiveCfg = Release|Any CPU
		{26BA5188-B72D-4ECE-9984-4F76A3EB74C3}.Release|Any CPU.Build.0 = Release|Any CPU
		{1469B2DA-9461-49E7-8230-F98DF6B4EC06}.Debug|Any CPU.ActiveCfg = Debug|Any CPU
		{1469B2DA-9461-49E7-8230-F98DF6B4EC06}.Debug|Any CPU.Build.0 = Debug|Any CPU
		{1469B2DA-9461-49E7-8230-F98DF6B4EC06}.Release|Any CPU.ActiveCfg = Release|Any CPU
		{1469B2DA-9461-49E7-8230-F98DF6B4EC06}.Release|Any CPU.Build.0 = Release|Any CPU
		{175EDE6A-70FB-4055-ACAE-77B741B4F166}.Debug|Any CPU.ActiveCfg = Debug|Any CPU
		{175EDE6A-70FB-4055-ACAE-77B741B4F166}.Debug|Any CPU.Build.0 = Debug|Any CPU
		{175EDE6A-70FB-4055-ACAE-77B741B4F166}.Release|Any CPU.ActiveCfg = Release|Any CPU
		{175EDE6A-70FB-4055-ACAE-77B741B4F166}.Release|Any CPU.Build.0 = Release|Any CPU
		{755FB4F8-BE74-4313-BBAD-8C907472C7AE}.Debug|Any CPU.ActiveCfg = Debug|Any CPU
		{755FB4F8-BE74-4313-BBAD-8C907472C7AE}.Debug|Any CPU.Build.0 = Debug|Any CPU
		{755FB4F8-BE74-4313-BBAD-8C907472C7AE}.Release|Any CPU.ActiveCfg = Release|Any CPU
		{755FB4F8-BE74-4313-BBAD-8C907472C7AE}.Release|Any CPU.Build.0 = Release|Any CPU
		{AC8F158A-130C-42A0-92AE-04408D8F7328}.Debug|Any CPU.ActiveCfg = Debug|Any CPU
		{AC8F158A-130C-42A0-92AE-04408D8F7328}.Debug|Any CPU.Build.0 = Debug|Any CPU
		{AC8F158A-130C-42A0-92AE-04408D8F7328}.Release|Any CPU.ActiveCfg = Release|Any CPU
		{AC8F158A-130C-42A0-92AE-04408D8F7328}.Release|Any CPU.Build.0 = Release|Any CPU
		{0D455A08-30BF-4A30-BE53-6856FADACC79}.Debug|Any CPU.ActiveCfg = Debug|Any CPU
		{0D455A08-30BF-4A30-BE53-6856FADACC79}.Debug|Any CPU.Build.0 = Debug|Any CPU
		{0D455A08-30BF-4A30-BE53-6856FADACC79}.Release|Any CPU.ActiveCfg = Release|Any CPU
		{0D455A08-30BF-4A30-BE53-6856FADACC79}.Release|Any CPU.Build.0 = Release|Any CPU
		{5C91ECAD-6C35-45AA-ACE7-E8F156922658}.Debug|Any CPU.ActiveCfg = Debug|Any CPU
		{5C91ECAD-6C35-45AA-ACE7-E8F156922658}.Debug|Any CPU.Build.0 = Debug|Any CPU
		{5C91ECAD-6C35-45AA-ACE7-E8F156922658}.Release|Any CPU.ActiveCfg = Release|Any CPU
		{5C91ECAD-6C35-45AA-ACE7-E8F156922658}.Release|Any CPU.Build.0 = Release|Any CPU
		{583C1001-7568-406E-9444-8CAD43DDA3EC}.Debug|Any CPU.ActiveCfg = Debug|Any CPU
		{583C1001-7568-406E-9444-8CAD43DDA3EC}.Debug|Any CPU.Build.0 = Debug|Any CPU
		{583C1001-7568-406E-9444-8CAD43DDA3EC}.Release|Any CPU.ActiveCfg = Release|Any CPU
		{583C1001-7568-406E-9444-8CAD43DDA3EC}.Release|Any CPU.Build.0 = Release|Any CPU
		{5EE9E787-A9D9-4DA7-8ED5-6CEE4AEE0836}.Debug|Any CPU.ActiveCfg = Debug|Any CPU
		{5EE9E787-A9D9-4DA7-8ED5-6CEE4AEE0836}.Debug|Any CPU.Build.0 = Debug|Any CPU
		{5EE9E787-A9D9-4DA7-8ED5-6CEE4AEE0836}.Release|Any CPU.ActiveCfg = Release|Any CPU
		{5EE9E787-A9D9-4DA7-8ED5-6CEE4AEE0836}.Release|Any CPU.Build.0 = Release|Any CPU
		{CEE62887-53FB-4291-8543-651C171D528A}.Debug|Any CPU.ActiveCfg = Debug|Any CPU
		{CEE62887-53FB-4291-8543-651C171D528A}.Debug|Any CPU.Build.0 = Debug|Any CPU
		{CEE62887-53FB-4291-8543-651C171D528A}.Release|Any CPU.ActiveCfg = Release|Any CPU
		{CEE62887-53FB-4291-8543-651C171D528A}.Release|Any CPU.Build.0 = Release|Any CPU
		{449E9FCD-F535-4D02-947F-22B0DA756187}.Debug|Any CPU.ActiveCfg = Debug|Any CPU
		{449E9FCD-F535-4D02-947F-22B0DA756187}.Debug|Any CPU.Build.0 = Debug|Any CPU
		{449E9FCD-F535-4D02-947F-22B0DA756187}.Release|Any CPU.ActiveCfg = Release|Any CPU
		{449E9FCD-F535-4D02-947F-22B0DA756187}.Release|Any CPU.Build.0 = Release|Any CPU
		{CEF7BB89-917C-4A08-BACC-6B3ED6020944}.Debug|Any CPU.ActiveCfg = Debug|Any CPU
		{CEF7BB89-917C-4A08-BACC-6B3ED6020944}.Debug|Any CPU.Build.0 = Debug|Any CPU
		{CEF7BB89-917C-4A08-BACC-6B3ED6020944}.Release|Any CPU.ActiveCfg = Release|Any CPU
		{CEF7BB89-917C-4A08-BACC-6B3ED6020944}.Release|Any CPU.Build.0 = Release|Any CPU
		{5AC211A8-A4D7-4C55-B888-EE689CB7A18D}.Debug|Any CPU.ActiveCfg = Debug|Any CPU
		{5AC211A8-A4D7-4C55-B888-EE689CB7A18D}.Debug|Any CPU.Build.0 = Debug|Any CPU
		{5AC211A8-A4D7-4C55-B888-EE689CB7A18D}.Release|Any CPU.ActiveCfg = Release|Any CPU
		{5AC211A8-A4D7-4C55-B888-EE689CB7A18D}.Release|Any CPU.Build.0 = Release|Any CPU
		{E5E7C73A-5DE3-4BC6-9A92-BF7A6D24DDF5}.Debug|Any CPU.ActiveCfg = Debug|Any CPU
		{E5E7C73A-5DE3-4BC6-9A92-BF7A6D24DDF5}.Debug|Any CPU.Build.0 = Debug|Any CPU
		{E5E7C73A-5DE3-4BC6-9A92-BF7A6D24DDF5}.Release|Any CPU.ActiveCfg = Release|Any CPU
		{E5E7C73A-5DE3-4BC6-9A92-BF7A6D24DDF5}.Release|Any CPU.Build.0 = Release|Any CPU
		{BD368EED-83C7-49B0-8116-797BD98741E0}.Debug|Any CPU.ActiveCfg = Debug|Any CPU
		{BD368EED-83C7-49B0-8116-797BD98741E0}.Debug|Any CPU.Build.0 = Debug|Any CPU
		{BD368EED-83C7-49B0-8116-797BD98741E0}.Release|Any CPU.ActiveCfg = Release|Any CPU
		{BD368EED-83C7-49B0-8116-797BD98741E0}.Release|Any CPU.Build.0 = Release|Any CPU
		{3C010B48-6ECA-466F-9C5B-28A01C4B88AB}.Debug|Any CPU.ActiveCfg = Debug|Any CPU
		{3C010B48-6ECA-466F-9C5B-28A01C4B88AB}.Debug|Any CPU.Build.0 = Debug|Any CPU
		{3C010B48-6ECA-466F-9C5B-28A01C4B88AB}.Release|Any CPU.ActiveCfg = Release|Any CPU
		{3C010B48-6ECA-466F-9C5B-28A01C4B88AB}.Release|Any CPU.Build.0 = Release|Any CPU
	EndGlobalSection
	GlobalSection(SolutionProperties) = preSolution
		HideSolutionNode = FALSE
	EndGlobalSection
EndGlobal
