
Microsoft Visual Studio Solution File, Format Version 12.00
# Visual Studio 2013
VisualStudioVersion = 12.0.40629.0
MinimumVisualStudioVersion = 10.0.40219.1
Project("{FAE04EC0-301F-11D3-BF4B-00C04F79EFBC}") = "Dddml.Wms.Common", "Dddml.Wms.Common\Dddml.Wms.Common.csproj", "{31471BCF-D6C3-4BAE-8EC5-2E9AC01EDD5C}"
EndProject
Project("{FAE04EC0-301F-11D3-BF4B-00C04F79EFBC}") = "Dddml.Wms.Services", "Dddml.Wms.Services\Dddml.Wms.Services.csproj", "{26BA5188-B72D-4ECE-9984-4F76A3EB74C3}"
EndProject
Project("{FAE04EC0-301F-11D3-BF4B-00C04F79EFBC}") = "Dddml.Wms.Services.Tests", "Dddml.Wms.Services.Tests\Dddml.Wms.Services.Tests.csproj", "{1469B2DA-9461-49E7-8230-F98DF6B4EC06}"
EndProject
Project("{FAE04EC0-301F-11D3-BF4B-00C04F79EFBC}") = "Dddml.Wms.HttpServices", "Dddml.Wms.HttpServices\Dddml.Wms.HttpServices.csproj", "{175EDE6A-70FB-4055-ACAE-77B741B4F166}"
EndProject
Project("{FAE04EC0-301F-11D3-BF4B-00C04F79EFBC}") = "Dddml.Wms.Metadata", "Dddml.Wms.Metadata\Dddml.Wms.Metadata.csproj", "{755FB4F8-BE74-4313-BBAD-8C907472C7AE}"
EndProject
Project("{FAE04EC0-301F-11D3-BF4B-00C04F79EFBC}") = "Dddml.Wms.HttpServices.ClientProxies", "Dddml.Wms.HttpServices.ClientProxies\Dddml.Wms.HttpServices.ClientProxies.csproj", "{AC8F158A-130C-42A0-92AE-04408D8F7328}"
EndProject
Project("{FAE04EC0-301F-11D3-BF4B-00C04F79EFBC}") = "Dddml.Wms.HttpServices.ClientProxies.Tests", "Dddml.Wms.HttpServices.ClientProxies.Tests\Dddml.Wms.HttpServices.ClientProxies.Tests.csproj", "{0D455A08-30BF-4A30-BE53-6856FADACC79}"
EndProject
Global
	GlobalSection(SolutionConfigurationPlatforms) = preSolution
		Debug|Any CPU = Debug|Any CPU
		Release|Any CPU = Release|Any CPU
	EndGlobalSection
	GlobalSection(ProjectConfigurationPlatforms) = postSolution
		{31471BCF-D6C3-4BAE-8EC5-2E9AC01EDD5C}.Debug|Any CPU.ActiveCfg = Debug|Any CPU
		{31471BCF-D6C3-4BAE-8EC5-2E9AC01EDD5C}.Debug|Any CPU.Build.0 = Debug|Any CPU
		{31471BCF-D6C3-4BAE-8EC5-2E9AC01EDD5C}.Release|Any CPU.ActiveCfg = Release|Any CPU
		{31471BCF-D6C3-4BAE-8EC5-2E9AC01EDD5C}.Release|Any CPU.Build.0 = Release|Any CPU
		{26BA5188-B72D-4ECE-9984-4F76A3EB74C3}.Debug|Any CPU.ActiveCfg = Debug|Any CPU
		{26BA5188-B72D-4ECE-9984-4F76A3EB74C3}.Debug|Any CPU.Build.0 = Debug|Any CPU
		{26BA5188-B72D-4ECE-9984-4F76A3EB74C3}.Release|Any CPU.ActiveCfg = Release|Any CPU
		{26BA5188-B72D-4ECE-9984-4F76A3EB74C3}.Release|Any CPU.Build.0 = Release|Any CPU
		{1469B2DA-9461-49E7-8230-F98DF6B4EC06}.Debug|Any CPU.ActiveCfg = Debug|Any CPU
		{1469B2DA-9461-49E7-8230-F98DF6B4EC06}.Debug|Any CPU.Build.0 = Debug|Any CPU
		{1469B2DA-9461-49E7-8230-F98DF6B4EC06}.Release|Any CPU.ActiveCfg = Release|Any CPU
		{1469B2DA-9461-49E7-8230-F98DF6B4EC06}.Release|Any CPU.Build.0 = Release|Any CPU
		{175EDE6A-70FB-4055-ACAE-77B741B4F166}.Debug|Any CPU.ActiveCfg = Debug|Any CPU
		{175EDE6A-70FB-4055-ACAE-77B741B4F166}.Debug|Any CPU.Build.0 = Debug|Any CPU
		{175EDE6A-70FB-4055-ACAE-77B741B4F166}.Release|Any CPU.ActiveCfg = Release|Any CPU
		{175EDE6A-70FB-4055-ACAE-77B741B4F166}.Release|Any CPU.Build.0 = Release|Any CPU
		{755FB4F8-BE74-4313-BBAD-8C907472C7AE}.Debug|Any CPU.ActiveCfg = Debug|Any CPU
		{755FB4F8-BE74-4313-BBAD-8C907472C7AE}.Debug|Any CPU.Build.0 = Debug|Any CPU
		{755FB4F8-BE74-4313-BBAD-8C907472C7AE}.Release|Any CPU.ActiveCfg = Release|Any CPU
		{755FB4F8-BE74-4313-BBAD-8C907472C7AE}.Release|Any CPU.Build.0 = Release|Any CPU
		{AC8F158A-130C-42A0-92AE-04408D8F7328}.Debug|Any CPU.ActiveCfg = Debug|Any CPU
		{AC8F158A-130C-42A0-92AE-04408D8F7328}.Debug|Any CPU.Build.0 = Debug|Any CPU
		{AC8F158A-130C-42A0-92AE-04408D8F7328}.Release|Any CPU.ActiveCfg = Release|Any CPU
		{AC8F158A-130C-42A0-92AE-04408D8F7328}.Release|Any CPU.Build.0 = Release|Any CPU
		{0D455A08-30BF-4A30-BE53-6856FADACC79}.Debug|Any CPU.ActiveCfg = Debug|Any CPU
		{0D455A08-30BF-4A30-BE53-6856FADACC79}.Debug|Any CPU.Build.0 = Debug|Any CPU
		{0D455A08-30BF-4A30-BE53-6856FADACC79}.Release|Any CPU.ActiveCfg = Release|Any CPU
		{0D455A08-30BF-4A30-BE53-6856FADACC79}.Release|Any CPU.Build.0 = Release|Any CPU
	EndGlobalSection
	GlobalSection(SolutionProperties) = preSolution
		HideSolutionNode = FALSE
	EndGlobalSection
EndGlobal
